
Microsoft Visual Studio Solution File, Format Version 11.00
# Visual Studio 2010
Project("{FAE04EC0-301F-11D3-BF4B-00C04F79EFBC}") = "Assembly-CSharp", "Assembly-CSharp.csproj", "{11e9b9a6-cc9e-88ed-086a-873ff7d3abe7}"
EndProject
Project("{FAE04EC0-301F-11D3-BF4B-00C04F79EFBC}") = "Assembly-CSharp-Editor", "Assembly-CSharp-Editor.csproj", "{d8a5a9ba-f3d6-8c20-0035-8bbfc175161b}"
EndProject
Global
	GlobalSection(SolutionConfigurationPlatforms) = preSolution
		Debug|Any CPU = Debug|Any CPU
	EndGlobalSection
	GlobalSection(ProjectConfigurationPlatforms) = postSolution
		{11e9b9a6-cc9e-88ed-086a-873ff7d3abe7}.Debug|Any CPU.ActiveCfg = Debug|Any CPU
		{11e9b9a6-cc9e-88ed-086a-873ff7d3abe7}.Debug|Any CPU.Build.0 = Debug|Any CPU
		{d8a5a9ba-f3d6-8c20-0035-8bbfc175161b}.Debug|Any CPU.ActiveCfg = Debug|Any CPU
		{d8a5a9ba-f3d6-8c20-0035-8bbfc175161b}.Debug|Any CPU.Build.0 = Debug|Any CPU
	EndGlobalSection
	GlobalSection(SolutionProperties) = preSolution
		HideSolutionNode = FALSE
	EndGlobalSection
EndGlobal
